{
  "nodes": {
    "home-manager": {
      "inputs": {
        "nixpkgs": [
          "nixpkgs"
        ]
      },
      "locked": {
        "lastModified": 1770910055,
        "narHash": "sha256-6HJVLBtbf2ub4a3P9YG+a3CTzzUcy4HpLz4IQdiyVxY=",
        "owner": "nix-community",
        "repo": "home-manager",
        "rev": "0825a0922a5d677f5f984bb79524569bbd1f9954",
        "type": "github"
      },
      "original": {
        "owner": "nix-community",
        "repo": "home-manager",
        "type": "github"
      }
    },
    "mcp-servers-nix": {
      "inputs": {
        "nixpkgs": [
          "nixpkgs"
        ]
      },
      "locked": {
        "lastModified": 1770903622,
        "narHash": "sha256-F7574mrfGBTkXO3Du+jDfwAGOMLJJn6wa1lcb8r9RHo=",
        "owner": "natsukium",
        "repo": "mcp-servers-nix",
        "rev": "0d22f138c02e3690c3b7a6ba47fadac1657c0823",
        "type": "github"
      },
      "original": {
        "owner": "natsukium",
        "repo": "mcp-servers-nix",
        "type": "github"
      }
    },
    "nixpkgs": {
      "locked": {
        "lastModified": 1770843696,
        "narHash": "sha256-LovWTGDwXhkfCOmbgLVA10bvsi/P8eDDpRudgk68HA8=",
        "owner": "nixos",
        "repo": "nixpkgs",
        "rev": "2343bbb58f99267223bc2aac4fc9ea301a155a16",
        "type": "github"
      },
      "original": {
        "owner": "nixos",
        "ref": "nixpkgs-unstable",
        "repo": "nixpkgs",
        "type": "github"
      }
    },
    "root": {
      "inputs": {
        "home-manager": "home-manager",
        "mcp-servers-nix": "mcp-servers-nix",
        "nixpkgs": "nixpkgs"
      }
    }
  },
  "root": "root",
  "version": 7
}
